// !$*UTF8*$!
{
	archiveVersion = 1;
	classes = {
	};
	objectVersion = 50;
	objects = {

/* Begin PBXBuildFile section */
		A094329920CED3A30013670F /* Main.cpp in Sources */ = {isa = PBXBuildFile; fileRef = A094329820CED3A30013670F /* Main.cpp */; };
		A094329C20CED3C20013670F /* SDL2.framework in Frameworks */ = {isa = PBXBuildFile; fileRef = A094329B20CED3C20013670F /* SDL2.framework */; };
		A094329E20CED3D10013670F /* SDL2_image.framework in Frameworks */ = {isa = PBXBuildFile; fileRef = A094329D20CED3D10013670F /* SDL2_image.framework */; };
		A09432A120CED5510013670F /* Trax.cpp in Sources */ = {isa = PBXBuildFile; fileRef = A094329F20CED5510013670F /* Trax.cpp */; };
		A09432BF20CEF6B80013670F /* Entity.cpp in Sources */ = {isa = PBXBuildFile; fileRef = A09432BD20CEF6B80013670F /* Entity.cpp */; };
		A09432C220CEF6BF0013670F /* Manager.cpp in Sources */ = {isa = PBXBuildFile; fileRef = A09432C020CEF6BF0013670F /* Manager.cpp */; };
		A09432C520CEFE5B0013670F /* ECS.cpp in Sources */ = {isa = PBXBuildFile; fileRef = A09432C320CEFE5B0013670F /* ECS.cpp */; };
		A09432C920CF00380013670F /* Keyboard.cpp in Sources */ = {isa = PBXBuildFile; fileRef = A09432C720CF00380013670F /* Keyboard.cpp */; };
		A0F928D420D0039D0032B476 /* Sprite.cpp in Sources */ = {isa = PBXBuildFile; fileRef = A0F928D220D0039D0032B476 /* Sprite.cpp */; };
		A0F928D720D0051A0032B476 /* TextureManager.cpp in Sources */ = {isa = PBXBuildFile; fileRef = A0F928D520D0051A0032B476 /* TextureManager.cpp */; };
		A0F928DA20D008680032B476 /* Transform.cpp in Sources */ = {isa = PBXBuildFile; fileRef = A0F928D820D008680032B476 /* Transform.cpp */; };
		A0F928DD20D008890032B476 /* Vector2D.cpp in Sources */ = {isa = PBXBuildFile; fileRef = A0F928DB20D008890032B476 /* Vector2D.cpp */; };
		A0F928E020D00A820032B476 /* Animation.cpp in Sources */ = {isa = PBXBuildFile; fileRef = A0F928DE20D00A820032B476 /* Animation.cpp */; };
/* End PBXBuildFile section */

/* Begin PBXCopyFilesBuildPhase section */
		A094328A20CED3880013670F /* CopyFiles */ = {
			isa = PBXCopyFilesBuildPhase;
			buildActionMask = 2147483647;
			dstPath = /usr/share/man/man1/;
			dstSubfolderSpec = 0;
			files = (
			);
			runOnlyForDeploymentPostprocessing = 1;
		};
/* End PBXCopyFilesBuildPhase section */

/* Begin PBXFileReference section */
		A094328C20CED3880013670F /* Trax */ = {isa = PBXFileReference; explicitFileType = "compiled.mach-o.executable"; includeInIndex = 0; path = Trax; sourceTree = BUILT_PRODUCTS_DIR; };
		A094329820CED3A30013670F /* Main.cpp */ = {isa = PBXFileReference; lastKnownFileType = sourcecode.cpp.cpp; path = Main.cpp; sourceTree = "<group>"; };
		A094329B20CED3C20013670F /* SDL2.framework */ = {isa = PBXFileReference; lastKnownFileType = wrapper.framework; name = SDL2.framework; path = ../../../../Library/Frameworks/SDL2.framework; sourceTree = "<group>"; };
		A094329D20CED3D10013670F /* SDL2_image.framework */ = {isa = PBXFileReference; lastKnownFileType = wrapper.framework; name = SDL2_image.framework; path = ../../../../Library/Frameworks/SDL2_image.framework; sourceTree = "<group>"; };
		A094329F20CED5510013670F /* Trax.cpp */ = {isa = PBXFileReference; lastKnownFileType = sourcecode.cpp.cpp; path = Trax.cpp; sourceTree = "<group>"; };
		A09432A020CED5510013670F /* Trax.hpp */ = {isa = PBXFileReference; lastKnownFileType = sourcecode.cpp.h; path = Trax.hpp; sourceTree = "<group>"; };
		A09432A220CED6030013670F /* .gitignore */ = {isa = PBXFileReference; lastKnownFileType = text; path = .gitignore; sourceTree = "<group>"; };
		A09432BB20CEF6AF0013670F /* Component.hpp */ = {isa = PBXFileReference; lastKnownFileType = sourcecode.cpp.h; path = Component.hpp; sourceTree = "<group>"; };
		A09432BD20CEF6B80013670F /* Entity.cpp */ = {isa = PBXFileReference; lastKnownFileType = sourcecode.cpp.cpp; path = Entity.cpp; sourceTree = "<group>"; };
		A09432BE20CEF6B80013670F /* Entity.hpp */ = {isa = PBXFileReference; lastKnownFileType = sourcecode.cpp.h; path = Entity.hpp; sourceTree = "<group>"; };
		A09432C020CEF6BF0013670F /* Manager.cpp */ = {isa = PBXFileReference; lastKnownFileType = sourcecode.cpp.cpp; path = Manager.cpp; sourceTree = "<group>"; };
		A09432C120CEF6BF0013670F /* Manager.hpp */ = {isa = PBXFileReference; lastKnownFileType = sourcecode.cpp.h; path = Manager.hpp; sourceTree = "<group>"; };
		A09432C320CEFE5B0013670F /* ECS.cpp */ = {isa = PBXFileReference; lastKnownFileType = sourcecode.cpp.cpp; path = ECS.cpp; sourceTree = "<group>"; };
		A09432C420CEFE5B0013670F /* ECS.hpp */ = {isa = PBXFileReference; lastKnownFileType = sourcecode.cpp.h; path = ECS.hpp; sourceTree = "<group>"; };
		A09432C720CF00380013670F /* Keyboard.cpp */ = {isa = PBXFileReference; lastKnownFileType = sourcecode.cpp.cpp; path = Keyboard.cpp; sourceTree = "<group>"; };
		A09432C820CF00380013670F /* Keyboard.hpp */ = {isa = PBXFileReference; lastKnownFileType = sourcecode.cpp.h; path = Keyboard.hpp; sourceTree = "<group>"; };
		A0F928D220D0039D0032B476 /* Sprite.cpp */ = {isa = PBXFileReference; lastKnownFileType = sourcecode.cpp.cpp; path = Sprite.cpp; sourceTree = "<group>"; };
		A0F928D320D0039D0032B476 /* Sprite.hpp */ = {isa = PBXFileReference; lastKnownFileType = sourcecode.cpp.h; path = Sprite.hpp; sourceTree = "<group>"; };
		A0F928D520D0051A0032B476 /* TextureManager.cpp */ = {isa = PBXFileReference; lastKnownFileType = sourcecode.cpp.cpp; path = TextureManager.cpp; sourceTree = "<group>"; };
		A0F928D620D0051A0032B476 /* TextureManager.hpp */ = {isa = PBXFileReference; lastKnownFileType = sourcecode.cpp.h; path = TextureManager.hpp; sourceTree = "<group>"; };
		A0F928D820D008680032B476 /* Transform.cpp */ = {isa = PBXFileReference; lastKnownFileType = sourcecode.cpp.cpp; path = Transform.cpp; sourceTree = "<group>"; };
		A0F928D920D008680032B476 /* Transform.hpp */ = {isa = PBXFileReference; lastKnownFileType = sourcecode.cpp.h; path = Transform.hpp; sourceTree = "<group>"; };
		A0F928DB20D008890032B476 /* Vector2D.cpp */ = {isa = PBXFileReference; lastKnownFileType = sourcecode.cpp.cpp; path = Vector2D.cpp; sourceTree = "<group>"; };
		A0F928DC20D008890032B476 /* Vector2D.hpp */ = {isa = PBXFileReference; lastKnownFileType = sourcecode.cpp.h; path = Vector2D.hpp; sourceTree = "<group>"; };
		A0F928DE20D00A820032B476 /* Animation.cpp */ = {isa = PBXFileReference; lastKnownFileType = sourcecode.cpp.cpp; path = Animation.cpp; sourceTree = "<group>"; };
		A0F928DF20D00A820032B476 /* Animation.hpp */ = {isa = PBXFileReference; lastKnownFileType = sourcecode.cpp.h; path = Animation.hpp; sourceTree = "<group>"; };
/* End PBXFileReference section */

/* Begin PBXFrameworksBuildPhase section */
		A094328920CED3880013670F /* Frameworks */ = {
			isa = PBXFrameworksBuildPhase;
			buildActionMask = 2147483647;
			files = (
				A094329E20CED3D10013670F /* SDL2_image.framework in Frameworks */,
				A094329C20CED3C20013670F /* SDL2.framework in Frameworks */,
			);
			runOnlyForDeploymentPostprocessing = 0;
		};
/* End PBXFrameworksBuildPhase section */

/* Begin PBXGroup section */
		A094328320CED3880013670F = {
			isa = PBXGroup;
			children = (
				A09432A220CED6030013670F /* .gitignore */,
				A094328E20CED3880013670F /* Trax */,
				A094328D20CED3880013670F /* Products */,
				A094329A20CED3C20013670F /* Frameworks */,
			);
			sourceTree = "<group>";
		};
		A094328D20CED3880013670F /* Products */ = {
			isa = PBXGroup;
			children = (
				A094328C20CED3880013670F /* Trax */,
			);
			name = Products;
			sourceTree = "<group>";
		};
		A094328E20CED3880013670F /* Trax */ = {
			isa = PBXGroup;
			children = (
				A094329720CED3970013670F /* assets */,
				A094329620CED3930013670F /* src */,
			);
			path = Trax;
			sourceTree = "<group>";
		};
		A094329620CED3930013670F /* src */ = {
			isa = PBXGroup;
			children = (
				A09432B920CEF6470013670F /* ecs */,
				A094329820CED3A30013670F /* Main.cpp */,
				A094329F20CED5510013670F /* Trax.cpp */,
				A09432A020CED5510013670F /* Trax.hpp */,
				A0F928D520D0051A0032B476 /* TextureManager.cpp */,
				A0F928D620D0051A0032B476 /* TextureManager.hpp */,
				A0F928DB20D008890032B476 /* Vector2D.cpp */,
				A0F928DC20D008890032B476 /* Vector2D.hpp */,
				A0F928DE20D00A820032B476 /* Animation.cpp */,
				A0F928DF20D00A820032B476 /* Animation.hpp */,
			);
			path = src;
			sourceTree = "<group>";
		};
		A094329720CED3970013670F /* assets */ = {
			isa = PBXGroup;
			children = (
			);
			path = assets;
			sourceTree = "<group>";
		};
		A094329A20CED3C20013670F /* Frameworks */ = {
			isa = PBXGroup;
			children = (
				A094329D20CED3D10013670F /* SDL2_image.framework */,
				A094329B20CED3C20013670F /* SDL2.framework */,
			);
			name = Frameworks;
			sourceTree = "<group>";
		};
		A09432B920CEF6470013670F /* ecs */ = {
			isa = PBXGroup;
			children = (
				A09432C620CF002C0013670F /* components */,
				A09432BB20CEF6AF0013670F /* Component.hpp */,
				A09432BD20CEF6B80013670F /* Entity.cpp */,
				A09432BE20CEF6B80013670F /* Entity.hpp */,
				A09432C020CEF6BF0013670F /* Manager.cpp */,
				A09432C120CEF6BF0013670F /* Manager.hpp */,
				A09432C320CEFE5B0013670F /* ECS.cpp */,
				A09432C420CEFE5B0013670F /* ECS.hpp */,
			);
			path = ecs;
			sourceTree = "<group>";
		};
		A09432C620CF002C0013670F /* components */ = {
			isa = PBXGroup;
			children = (
				A09432C720CF00380013670F /* Keyboard.cpp */,
				A09432C820CF00380013670F /* Keyboard.hpp */,
				A0F928D220D0039D0032B476 /* Sprite.cpp */,
				A0F928D320D0039D0032B476 /* Sprite.hpp */,
				A0F928D820D008680032B476 /* Transform.cpp */,
				A0F928D920D008680032B476 /* Transform.hpp */,
			);
			path = components;
			sourceTree = "<group>";
		};
/* End PBXGroup section */

/* Begin PBXNativeTarget section */
		A094328B20CED3880013670F /* Trax */ = {
			isa = PBXNativeTarget;
			buildConfigurationList = A094329320CED3880013670F /* Build configuration list for PBXNativeTarget "Trax" */;
			buildPhases = (
				A094328820CED3880013670F /* Sources */,
				A094328920CED3880013670F /* Frameworks */,
				A094328A20CED3880013670F /* CopyFiles */,
			);
			buildRules = (
			);
			dependencies = (
			);
			name = Trax;
			productName = Trax;
			productReference = A094328C20CED3880013670F /* Trax */;
			productType = "com.apple.product-type.tool";
		};
/* End PBXNativeTarget section */

/* Begin PBXProject section */
		A094328420CED3880013670F /* Project object */ = {
			isa = PBXProject;
			attributes = {
				LastUpgradeCheck = 0940;
				ORGANIZATIONNAME = "Zach Lindner";
				TargetAttributes = {
					A094328B20CED3880013670F = {
						CreatedOnToolsVersion = 9.4;
					};
				};
			};
			buildConfigurationList = A094328720CED3880013670F /* Build configuration list for PBXProject "Trax" */;
			compatibilityVersion = "Xcode 9.3";
			developmentRegion = en;
			hasScannedForEncodings = 0;
			knownRegions = (
				en,
			);
			mainGroup = A094328320CED3880013670F;
			productRefGroup = A094328D20CED3880013670F /* Products */;
			projectDirPath = "";
			projectRoot = "";
			targets = (
				A094328B20CED3880013670F /* Trax */,
			);
		};
/* End PBXProject section */

/* Begin PBXSourcesBuildPhase section */
		A094328820CED3880013670F /* Sources */ = {
			isa = PBXSourcesBuildPhase;
			buildActionMask = 2147483647;
			files = (
				A0F928DA20D008680032B476 /* Transform.cpp in Sources */,
				A09432C920CF00380013670F /* Keyboard.cpp in Sources */,
				A09432BF20CEF6B80013670F /* Entity.cpp in Sources */,
				A09432A120CED5510013670F /* Trax.cpp in Sources */,
				A09432C220CEF6BF0013670F /* Manager.cpp in Sources */,
				A09432C520CEFE5B0013670F /* ECS.cpp in Sources */,
				A0F928D420D0039D0032B476 /* Sprite.cpp in Sources */,
				A094329920CED3A30013670F /* Main.cpp in Sources */,
				A0F928DD20D008890032B476 /* Vector2D.cpp in Sources */,
				A0F928D720D0051A0032B476 /* TextureManager.cpp in Sources */,
				A0F928E020D00A820032B476 /* Animation.cpp in Sources */,
			);
			runOnlyForDeploymentPostprocessing = 0;
		};
/* End PBXSourcesBuildPhase section */

/* Begin XCBuildConfiguration section */
		A094329120CED3880013670F /* Debug */ = {
			isa = XCBuildConfiguration;
			buildSettings = {
				ALWAYS_SEARCH_USER_PATHS = NO;
				CLANG_ANALYZER_NONNULL = YES;
				CLANG_ANALYZER_NUMBER_OBJECT_CONVERSION = YES_AGGRESSIVE;
				CLANG_CXX_LANGUAGE_STANDARD = "gnu++14";
				CLANG_CXX_LIBRARY = "libc++";
				CLANG_ENABLE_MODULES = YES;
				CLANG_ENABLE_OBJC_ARC = YES;
				CLANG_ENABLE_OBJC_WEAK = YES;
				CLANG_WARN_BLOCK_CAPTURE_AUTORELEASING = YES;
				CLANG_WARN_BOOL_CONVERSION = YES;
				CLANG_WARN_COMMA = YES;
				CLANG_WARN_CONSTANT_CONVERSION = YES;
				CLANG_WARN_DEPRECATED_OBJC_IMPLEMENTATIONS = YES;
				CLANG_WARN_DIRECT_OBJC_ISA_USAGE = YES_ERROR;
				CLANG_WARN_DOCUMENTATION_COMMENTS = YES;
				CLANG_WARN_EMPTY_BODY = YES;
				CLANG_WARN_ENUM_CONVERSION = YES;
				CLANG_WARN_INFINITE_RECURSION = YES;
				CLANG_WARN_INT_CONVERSION = YES;
				CLANG_WARN_NON_LITERAL_NULL_CONVERSION = YES;
				CLANG_WARN_OBJC_IMPLICIT_RETAIN_SELF = YES;
				CLANG_WARN_OBJC_LITERAL_CONVERSION = YES;
				CLANG_WARN_OBJC_ROOT_CLASS = YES_ERROR;
				CLANG_WARN_RANGE_LOOP_ANALYSIS = YES;
				CLANG_WARN_STRICT_PROTOTYPES = YES;
				CLANG_WARN_SUSPICIOUS_MOVE = YES;
				CLANG_WARN_UNGUARDED_AVAILABILITY = YES_AGGRESSIVE;
				CLANG_WARN_UNREACHABLE_CODE = YES;
				CLANG_WARN__DUPLICATE_METHOD_MATCH = YES;
				CODE_SIGN_IDENTITY = "-";
				COPY_PHASE_STRIP = NO;
				DEBUG_INFORMATION_FORMAT = dwarf;
				ENABLE_STRICT_OBJC_MSGSEND = YES;
				ENABLE_TESTABILITY = YES;
				GCC_C_LANGUAGE_STANDARD = gnu11;
				GCC_DYNAMIC_NO_PIC = NO;
				GCC_NO_COMMON_BLOCKS = YES;
				GCC_OPTIMIZATION_LEVEL = 0;
				GCC_PREPROCESSOR_DEFINITIONS = (
					"DEBUG=1",
					"$(inherited)",
				);
				GCC_WARN_64_TO_32_BIT_CONVERSION = YES;
				GCC_WARN_ABOUT_RETURN_TYPE = YES_ERROR;
				GCC_WARN_UNDECLARED_SELECTOR = YES;
				GCC_WARN_UNINITIALIZED_AUTOS = YES_AGGRESSIVE;
				GCC_WARN_UNUSED_FUNCTION = YES;
				GCC_WARN_UNUSED_VARIABLE = YES;
				MACOSX_DEPLOYMENT_TARGET = 10.13;
				MTL_ENABLE_DEBUG_INFO = YES;
				ONLY_ACTIVE_ARCH = YES;
				SDKROOT = macosx;
			};
			name = Debug;
		};
		A094329220CED3880013670F /* Release */ = {
			isa = XCBuildConfiguration;
			buildSettings = {
				ALWAYS_SEARCH_USER_PATHS = NO;
				CLANG_ANALYZER_NONNULL = YES;
				CLANG_ANALYZER_NUMBER_OBJECT_CONVERSION = YES_AGGRESSIVE;
				CLANG_CXX_LANGUAGE_STANDARD = "gnu++14";
				CLANG_CXX_LIBRARY = "libc++";
				CLANG_ENABLE_MODULES = YES;
				CLANG_ENABLE_OBJC_ARC = YES;
				CLANG_ENABLE_OBJC_WEAK = YES;
				CLANG_WARN_BLOCK_CAPTURE_AUTORELEASING = YES;
				CLANG_WARN_BOOL_CONVERSION = YES;
				CLANG_WARN_COMMA = YES;
				CLANG_WARN_CONSTANT_CONVERSION = YES;
				CLANG_WARN_DEPRECATED_OBJC_IMPLEMENTATIONS = YES;
				CLANG_WARN_DIRECT_OBJC_ISA_USAGE = YES_ERROR;
				CLANG_WARN_DOCUMENTATION_COMMENTS = YES;
				CLANG_WARN_EMPTY_BODY = YES;
				CLANG_WARN_ENUM_CONVERSION = YES;
				CLANG_WARN_INFINITE_RECURSION = YES;
				CLANG_WARN_INT_CONVERSION = YES;
				CLANG_WARN_NON_LITERAL_NULL_CONVERSION = YES;
				CLANG_WARN_OBJC_IMPLICIT_RETAIN_SELF = YES;
				CLANG_WARN_OBJC_LITERAL_CONVERSION = YES;
				CLANG_WARN_OBJC_ROOT_CLASS = YES_ERROR;
				CLANG_WARN_RANGE_LOOP_ANALYSIS = YES;
				CLANG_WARN_STRICT_PROTOTYPES = YES;
				CLANG_WARN_SUSPICIOUS_MOVE = YES;
				CLANG_WARN_UNGUARDED_AVAILABILITY = YES_AGGRESSIVE;
				CLANG_WARN_UNREACHABLE_CODE = YES;
				CLANG_WARN__DUPLICATE_METHOD_MATCH = YES;
				CODE_SIGN_IDENTITY = "-";
				COPY_PHASE_STRIP = NO;
				DEBUG_INFORMATION_FORMAT = "dwarf-with-dsym";
				ENABLE_NS_ASSERTIONS = NO;
				ENABLE_STRICT_OBJC_MSGSEND = YES;
				GCC_C_LANGUAGE_STANDARD = gnu11;
				GCC_NO_COMMON_BLOCKS = YES;
				GCC_WARN_64_TO_32_BIT_CONVERSION = YES;
				GCC_WARN_ABOUT_RETURN_TYPE = YES_ERROR;
				GCC_WARN_UNDECLARED_SELECTOR = YES;
				GCC_WARN_UNINITIALIZED_AUTOS = YES_AGGRESSIVE;
				GCC_WARN_UNUSED_FUNCTION = YES;
				GCC_WARN_UNUSED_VARIABLE = YES;
				MACOSX_DEPLOYMENT_TARGET = 10.13;
				MTL_ENABLE_DEBUG_INFO = NO;
				SDKROOT = macosx;
			};
			name = Release;
		};
		A094329420CED3880013670F /* Debug */ = {
			isa = XCBuildConfiguration;
			buildSettings = {
				CODE_SIGN_STYLE = Automatic;
				FRAMEWORK_SEARCH_PATHS = (
					"$(inherited)",
					"$(LOCAL_LIBRARY_DIR)/Frameworks",
				);
				PRODUCT_NAME = "$(TARGET_NAME)";
			};
			name = Debug;
		};
		A094329520CED3880013670F /* Release */ = {
			isa = XCBuildConfiguration;
			buildSettings = {
				CODE_SIGN_STYLE = Automatic;
				FRAMEWORK_SEARCH_PATHS = (
					"$(inherited)",
					"$(LOCAL_LIBRARY_DIR)/Frameworks",
				);
				PRODUCT_NAME = "$(TARGET_NAME)";
			};
			name = Release;
		};
/* End XCBuildConfiguration section */

/* Begin XCConfigurationList section */
		A094328720CED3880013670F /* Build configuration list for PBXProject "Trax" */ = {
			isa = XCConfigurationList;
			buildConfigurations = (
				A094329120CED3880013670F /* Debug */,
				A094329220CED3880013670F /* Release */,
			);
			defaultConfigurationIsVisible = 0;
			defaultConfigurationName = Release;
		};
		A094329320CED3880013670F /* Build configuration list for PBXNativeTarget "Trax" */ = {
			isa = XCConfigurationList;
			buildConfigurations = (
				A094329420CED3880013670F /* Debug */,
				A094329520CED3880013670F /* Release */,
			);
			defaultConfigurationIsVisible = 0;
			defaultConfigurationName = Release;
		};
/* End XCConfigurationList section */
	};
	rootObject = A094328420CED3880013670F /* Project object */;
}
